// !$*UTF8*$!
{
	archiveVersion = 1;
	classes = {
	};
	objectVersion = 56;
	objects = {

/* Begin PBXBuildFile section */
		6E87CA9B2C5FF66C002DE15C /* AppDelegate.swift in Sources */ = {isa = PBXBuildFile; fileRef = 6E87CA9A2C5FF66C002DE15C /* AppDelegate.swift */; };
		6E87CA9D2C5FF66C002DE15C /* SceneDelegate.swift in Sources */ = {isa = PBXBuildFile; fileRef = 6E87CA9C2C5FF66C002DE15C /* SceneDelegate.swift */; };
		6E87CA9F2C5FF66C002DE15C /* ViewController.swift in Sources */ = {isa = PBXBuildFile; fileRef = 6E87CA9E2C5FF66C002DE15C /* ViewController.swift */; };
		6E87CAA22C5FF66C002DE15C /* Base in Resources */ = {isa = PBXBuildFile; fileRef = 6E87CAA12C5FF66C002DE15C /* Base */; };
		6E87CAA42C5FF66E002DE15C /* Assets.xcassets in Resources */ = {isa = PBXBuildFile; fileRef = 6E87CAA32C5FF66E002DE15C /* Assets.xcassets */; };
		6E87CAA72C5FF66E002DE15C /* Base in Resources */ = {isa = PBXBuildFile; fileRef = 6E87CAA62C5FF66E002DE15C /* Base */; };
		6E87CAB22C5FF66E002DE15C /* tictactoeTests.swift in Sources */ = {isa = PBXBuildFile; fileRef = 6E87CAB12C5FF66E002DE15C /* tictactoeTests.swift */; };
		6E87CABC2C5FF66E002DE15C /* tictactoeUITests.swift in Sources */ = {isa = PBXBuildFile; fileRef = 6E87CABB2C5FF66E002DE15C /* tictactoeUITests.swift */; };
		6E87CABE2C5FF66E002DE15C /* tictactoeUITestsLaunchTests.swift in Sources */ = {isa = PBXBuildFile; fileRef = 6E87CABD2C5FF66E002DE15C /* tictactoeUITestsLaunchTests.swift */; };
/* End PBXBuildFile section */

/* Begin PBXContainerItemProxy section */
		6E87CAAE2C5FF66E002DE15C /* PBXContainerItemProxy */ = {
			isa = PBXContainerItemProxy;
			containerPortal = 6E87CA8F2C5FF66C002DE15C /* Project object */;
			proxyType = 1;
			remoteGlobalIDString = 6E87CA962C5FF66C002DE15C;
			remoteInfo = tictactoe;
		};
		6E87CAB82C5FF66E002DE15C /* PBXContainerItemProxy */ = {
			isa = PBXContainerItemProxy;
			containerPortal = 6E87CA8F2C5FF66C002DE15C /* Project object */;
			proxyType = 1;
			remoteGlobalIDString = 6E87CA962C5FF66C002DE15C;
			remoteInfo = tictactoe;
		};
/* End PBXContainerItemProxy section */

/* Begin PBXFileReference section */
		6E87CA972C5FF66C002DE15C /* tictactoe.app */ = {isa = PBXFileReference; explicitFileType = wrapper.application; includeInIndex = 0; path = tictactoe.app; sourceTree = BUILT_PRODUCTS_DIR; };
		6E87CA9A2C5FF66C002DE15C /* AppDelegate.swift */ = {isa = PBXFileReference; lastKnownFileType = sourcecode.swift; path = AppDelegate.swift; sourceTree = "<group>"; };
		6E87CA9C2C5FF66C002DE15C /* SceneDelegate.swift */ = {isa = PBXFileReference; lastKnownFileType = sourcecode.swift; path = SceneDelegate.swift; sourceTree = "<group>"; };
		6E87CA9E2C5FF66C002DE15C /* ViewController.swift */ = {isa = PBXFileReference; lastKnownFileType = sourcecode.swift; path = ViewController.swift; sourceTree = "<group>"; };
		6E87CAA12C5FF66C002DE15C /* Base */ = {isa = PBXFileReference; lastKnownFileType = file.storyboard; name = Base; path = Base.lproj/Main.storyboard; sourceTree = "<group>"; };
		6E87CAA32C5FF66E002DE15C /* Assets.xcassets */ = {isa = PBXFileReference; lastKnownFileType = folder.assetcatalog; path = Assets.xcassets; sourceTree = "<group>"; };
		6E87CAA62C5FF66E002DE15C /* Base */ = {isa = PBXFileReference; lastKnownFileType = file.storyboard; name = Base; path = Base.lproj/LaunchScreen.storyboard; sourceTree = "<group>"; };
		6E87CAA82C5FF66E002DE15C /* Info.plist */ = {isa = PBXFileReference; lastKnownFileType = text.plist.xml; path = Info.plist; sourceTree = "<group>"; };
		6E87CAAD2C5FF66E002DE15C /* tictactoeTests.xctest */ = {isa = PBXFileReference; explicitFileType = wrapper.cfbundle; includeInIndex = 0; path = tictactoeTests.xctest; sourceTree = BUILT_PRODUCTS_DIR; };
		6E87CAB12C5FF66E002DE15C /* tictactoeTests.swift */ = {isa = PBXFileReference; lastKnownFileType = sourcecode.swift; path = tictactoeTests.swift; sourceTree = "<group>"; };
		6E87CAB72C5FF66E002DE15C /* tictactoeUITests.xctest */ = {isa = PBXFileReference; explicitFileType = wrapper.cfbundle; includeInIndex = 0; path = tictactoeUITests.xctest; sourceTree = BUILT_PRODUCTS_DIR; };
		6E87CABB2C5FF66E002DE15C /* tictactoeUITests.swift */ = {isa = PBXFileReference; lastKnownFileType = sourcecode.swift; path = tictactoeUITests.swift; sourceTree = "<group>"; };
		6E87CABD2C5FF66E002DE15C /* tictactoeUITestsLaunchTests.swift */ = {isa = PBXFileReference; lastKnownFileType = sourcecode.swift; path = tictactoeUITestsLaunchTests.swift; sourceTree = "<group>"; };
/* End PBXFileReference section */

/* Begin PBXFrameworksBuildPhase section */
		6E87CA942C5FF66C002DE15C /* Frameworks */ = {
			isa = PBXFrameworksBuildPhase;
			buildActionMask = 2147483647;
			files = (
			);
			runOnlyForDeploymentPostprocessing = 0;
		};
		6E87CAAA2C5FF66E002DE15C /* Frameworks */ = {
			isa = PBXFrameworksBuildPhase;
			buildActionMask = 2147483647;
			files = (
			);
			runOnlyForDeploymentPostprocessing = 0;
		};
		6E87CAB42C5FF66E002DE15C /* Frameworks */ = {
			isa = PBXFrameworksBuildPhase;
			buildActionMask = 2147483647;
			files = (
			);
			runOnlyForDeploymentPostprocessing = 0;
		};
/* End PBXFrameworksBuildPhase section */

/* Begin PBXGroup section */
		6E87CA8E2C5FF66C002DE15C = {
			isa = PBXGroup;
			children = (
				6E87CA992C5FF66C002DE15C /* tictactoe */,
				6E87CAB02C5FF66E002DE15C /* tictactoeTests */,
				6E87CABA2C5FF66E002DE15C /* tictactoeUITests */,
				6E87CA982C5FF66C002DE15C /* Products */,
			);
			sourceTree = "<group>";
		};
		6E87CA982C5FF66C002DE15C /* Products */ = {
			isa = PBXGroup;
			children = (
				6E87CA972C5FF66C002DE15C /* tictactoe.app */,
				6E87CAAD2C5FF66E002DE15C /* tictactoeTests.xctest */,
				6E87CAB72C5FF66E002DE15C /* tictactoeUITests.xctest */,
			);
			name = Products;
			sourceTree = "<group>";
		};
		6E87CA992C5FF66C002DE15C /* tictactoe */ = {
			isa = PBXGroup;
			children = (
				6E87CA9A2C5FF66C002DE15C /* AppDelegate.swift */,
				6E87CA9C2C5FF66C002DE15C /* SceneDelegate.swift */,
				6E87CA9E2C5FF66C002DE15C /* ViewController.swift */,
				6E87CAA02C5FF66C002DE15C /* Main.storyboard */,
				6E87CAA32C5FF66E002DE15C /* Assets.xcassets */,
				6E87CAA52C5FF66E002DE15C /* LaunchScreen.storyboard */,
				6E87CAA82C5FF66E002DE15C /* Info.plist */,
			);
			path = tictactoe;
			sourceTree = "<group>";
		};
		6E87CAB02C5FF66E002DE15C /* tictactoeTests */ = {
			isa = PBXGroup;
			children = (
				6E87CAB12C5FF66E002DE15C /* tictactoeTests.swift */,
			);
			path = tictactoeTests;
			sourceTree = "<group>";
		};
		6E87CABA2C5FF66E002DE15C /* tictactoeUITests */ = {
			isa = PBXGroup;
			children = (
				6E87CABB2C5FF66E002DE15C /* tictactoeUITests.swift */,
				6E87CABD2C5FF66E002DE15C /* tictactoeUITestsLaunchTests.swift */,
			);
			path = tictactoeUITests;
			sourceTree = "<group>";
		};
/* End PBXGroup section */

/* Begin PBXNativeTarget section */
		6E87CA962C5FF66C002DE15C /* tictactoe */ = {
			isa = PBXNativeTarget;
			buildConfigurationList = 6E87CAC12C5FF66E002DE15C /* Build configuration list for PBXNativeTarget "tictactoe" */;
			buildPhases = (
				6E87CA932C5FF66C002DE15C /* Sources */,
				6E87CA942C5FF66C002DE15C /* Frameworks */,
				6E87CA952C5FF66C002DE15C /* Resources */,
			);
			buildRules = (
			);
			dependencies = (
			);
			name = tictactoe;
			productName = tictactoe;
			productReference = 6E87CA972C5FF66C002DE15C /* tictactoe.app */;
			productType = "com.apple.product-type.application";
		};
		6E87CAAC2C5FF66E002DE15C /* tictactoeTests */ = {
			isa = PBXNativeTarget;
			buildConfigurationList = 6E87CAC42C5FF66E002DE15C /* Build configuration list for PBXNativeTarget "tictactoeTests" */;
			buildPhases = (
				6E87CAA92C5FF66E002DE15C /* Sources */,
				6E87CAAA2C5FF66E002DE15C /* Frameworks */,
				6E87CAAB2C5FF66E002DE15C /* Resources */,
			);
			buildRules = (
			);
			dependencies = (
				6E87CAAF2C5FF66E002DE15C /* PBXTargetDependency */,
			);
			name = tictactoeTests;
			productName = tictactoeTests;
			productReference = 6E87CAAD2C5FF66E002DE15C /* tictactoeTests.xctest */;
			productType = "com.apple.product-type.bundle.unit-test";
		};
		6E87CAB62C5FF66E002DE15C /* tictactoeUITests */ = {
			isa = PBXNativeTarget;
			buildConfigurationList = 6E87CAC72C5FF66E002DE15C /* Build configuration list for PBXNativeTarget "tictactoeUITests" */;
			buildPhases = (
				6E87CAB32C5FF66E002DE15C /* Sources */,
				6E87CAB42C5FF66E002DE15C /* Frameworks */,
				6E87CAB52C5FF66E002DE15C /* Resources */,
			);
			buildRules = (
			);
			dependencies = (
				6E87CAB92C5FF66E002DE15C /* PBXTargetDependency */,
			);
			name = tictactoeUITests;
			productName = tictactoeUITests;
			productReference = 6E87CAB72C5FF66E002DE15C /* tictactoeUITests.xctest */;
			productType = "com.apple.product-type.bundle.ui-testing";
		};
/* End PBXNativeTarget section */

/* Begin PBXProject section */
		6E87CA8F2C5FF66C002DE15C /* Project object */ = {
			isa = PBXProject;
			attributes = {
				BuildIndependentTargetsInParallel = 1;
				LastSwiftUpdateCheck = 1540;
				LastUpgradeCheck = 1540;
				TargetAttributes = {
					6E87CA962C5FF66C002DE15C = {
						CreatedOnToolsVersion = 15.4;
					};
					6E87CAAC2C5FF66E002DE15C = {
						CreatedOnToolsVersion = 15.4;
						TestTargetID = 6E87CA962C5FF66C002DE15C;
					};
					6E87CAB62C5FF66E002DE15C = {
						CreatedOnToolsVersion = 15.4;
						TestTargetID = 6E87CA962C5FF66C002DE15C;
					};
				};
			};
			buildConfigurationList = 6E87CA922C5FF66C002DE15C /* Build configuration list for PBXProject "tictactoe" */;
			compatibilityVersion = "Xcode 14.0";
			developmentRegion = en;
			hasScannedForEncodings = 0;
			knownRegions = (
				en,
				Base,
			);
			mainGroup = 6E87CA8E2C5FF66C002DE15C;
			productRefGroup = 6E87CA982C5FF66C002DE15C /* Products */;
			projectDirPath = "";
			projectRoot = "";
			targets = (
				6E87CA962C5FF66C002DE15C /* tictactoe */,
				6E87CAAC2C5FF66E002DE15C /* tictactoeTests */,
				6E87CAB62C5FF66E002DE15C /* tictactoeUITests */,
			);
		};
/* End PBXProject section */

/* Begin PBXResourcesBuildPhase section */
		6E87CA952C5FF66C002DE15C /* Resources */ = {
			isa = PBXResourcesBuildPhase;
			buildActionMask = 2147483647;
			files = (
				6E87CAA42C5FF66E002DE15C /* Assets.xcassets in Resources */,
				6E87CAA72C5FF66E002DE15C /* Base in Resources */,
				6E87CAA22C5FF66C002DE15C /* Base in Resources */,
			);
			runOnlyForDeploymentPostprocessing = 0;
		};
		6E87CAAB2C5FF66E002DE15C /* Resources */ = {
			isa = PBXResourcesBuildPhase;
			buildActionMask = 2147483647;
			files = (
			);
			runOnlyForDeploymentPostprocessing = 0;
		};
		6E87CAB52C5FF66E002DE15C /* Resources */ = {
			isa = PBXResourcesBuildPhase;
			buildActionMask = 2147483647;
			files = (
			);
			runOnlyForDeploymentPostprocessing = 0;
		};
/* End PBXResourcesBuildPhase section */

/* Begin PBXSourcesBuildPhase section */
		6E87CA932C5FF66C002DE15C /* Sources */ = {
			isa = PBXSourcesBuildPhase;
			buildActionMask = 2147483647;
			files = (
				6E87CA9F2C5FF66C002DE15C /* ViewController.swift in Sources */,
				6E87CA9B2C5FF66C002DE15C /* AppDelegate.swift in Sources */,
				6E87CA9D2C5FF66C002DE15C /* SceneDelegate.swift in Sources */,
			);
			runOnlyForDeploymentPostprocessing = 0;
		};
		6E87CAA92C5FF66E002DE15C /* Sources */ = {
			isa = PBXSourcesBuildPhase;
			buildActionMask = 2147483647;
			files = (
				6E87CAB22C5FF66E002DE15C /* tictactoeTests.swift in Sources */,
			);
			runOnlyForDeploymentPostprocessing = 0;
		};
		6E87CAB32C5FF66E002DE15C /* Sources */ = {
			isa = PBXSourcesBuildPhase;
			buildActionMask = 2147483647;
			files = (
				6E87CABC2C5FF66E002DE15C /* tictactoeUITests.swift in Sources */,
				6E87CABE2C5FF66E002DE15C /* tictactoeUITestsLaunchTests.swift in Sources */,
			);
			runOnlyForDeploymentPostprocessing = 0;
		};
/* End PBXSourcesBuildPhase section */

/* Begin PBXTargetDependency section */
		6E87CAAF2C5FF66E002DE15C /* PBXTargetDependency */ = {
			isa = PBXTargetDependency;
			target = 6E87CA962C5FF66C002DE15C /* tictactoe */;
			targetProxy = 6E87CAAE2C5FF66E002DE15C /* PBXContainerItemProxy */;
		};
		6E87CAB92C5FF66E002DE15C /* PBXTargetDependency */ = {
			isa = PBXTargetDependency;
			target = 6E87CA962C5FF66C002DE15C /* tictactoe */;
			targetProxy = 6E87CAB82C5FF66E002DE15C /* PBXContainerItemProxy */;
		};
/* End PBXTargetDependency section */

/* Begin PBXVariantGroup section */
		6E87CAA02C5FF66C002DE15C /* Main.storyboard */ = {
			isa = PBXVariantGroup;
			children = (
				6E87CAA12C5FF66C002DE15C /* Base */,
			);
			name = Main.storyboard;
			sourceTree = "<group>";
		};
		6E87CAA52C5FF66E002DE15C /* LaunchScreen.storyboard */ = {
			isa = PBXVariantGroup;
			children = (
				6E87CAA62C5FF66E002DE15C /* Base */,
			);
			name = LaunchScreen.storyboard;
			sourceTree = "<group>";
		};
/* End PBXVariantGroup section */

/* Begin XCBuildConfiguration section */
		6E87CABF2C5FF66E002DE15C /* Debug */ = {
			isa = XCBuildConfiguration;
			buildSettings = {
				ALWAYS_SEARCH_USER_PATHS = NO;
				ASSETCATALOG_COMPILER_GENERATE_SWIFT_ASSET_SYMBOL_EXTENSIONS = YES;
				CLANG_ANALYZER_NONNULL = YES;
				CLANG_ANALYZER_NUMBER_OBJECT_CONVERSION = YES_AGGRESSIVE;
				CLANG_CXX_LANGUAGE_STANDARD = "gnu++20";
				CLANG_ENABLE_MODULES = YES;
				CLANG_ENABLE_OBJC_ARC = YES;
				CLANG_ENABLE_OBJC_WEAK = YES;
				CLANG_WARN_BLOCK_CAPTURE_AUTORELEASING = YES;
				CLANG_WARN_BOOL_CONVERSION = YES;
				CLANG_WARN_COMMA = YES;
				CLANG_WARN_CONSTANT_CONVERSION = YES;
				CLANG_WARN_DEPRECATED_OBJC_IMPLEMENTATIONS = YES;
				CLANG_WARN_DIRECT_OBJC_ISA_USAGE = YES_ERROR;
				CLANG_WARN_DOCUMENTATION_COMMENTS = YES;
				CLANG_WARN_EMPTY_BODY = YES;
				CLANG_WARN_ENUM_CONVERSION = YES;
				CLANG_WARN_INFINITE_RECURSION = YES;
				CLANG_WARN_INT_CONVERSION = YES;
				CLANG_WARN_NON_LITERAL_NULL_CONVERSION = YES;
				CLANG_WARN_OBJC_IMPLICIT_RETAIN_SELF = YES;
				CLANG_WARN_OBJC_LITERAL_CONVERSION = YES;
				CLANG_WARN_OBJC_ROOT_CLASS = YES_ERROR;
				CLANG_WARN_QUOTED_INCLUDE_IN_FRAMEWORK_HEADER = YES;
				CLANG_WARN_RANGE_LOOP_ANALYSIS = YES;
				CLANG_WARN_STRICT_PROTOTYPES = YES;
				CLANG_WARN_SUSPICIOUS_MOVE = YES;
				CLANG_WARN_UNGUARDED_AVAILABILITY = YES_AGGRESSIVE;
				CLANG_WARN_UNREACHABLE_CODE = YES;
				CLANG_WARN__DUPLICATE_METHOD_MATCH = YES;
				COPY_PHASE_STRIP = NO;
				DEBUG_INFORMATION_FORMAT = dwarf;
				ENABLE_STRICT_OBJC_MSGSEND = YES;
				ENABLE_TESTABILITY = YES;
				ENABLE_USER_SCRIPT_SANDBOXING = YES;
				GCC_C_LANGUAGE_STANDARD = gnu17;
				GCC_DYNAMIC_NO_PIC = NO;
				GCC_NO_COMMON_BLOCKS = YES;
				GCC_OPTIMIZATION_LEVEL = 0;
				GCC_PREPROCESSOR_DEFINITIONS = (
					"DEBUG=1",
					"$(inherited)",
				);
				GCC_WARN_64_TO_32_BIT_CONVERSION = YES;
				GCC_WARN_ABOUT_RETURN_TYPE = YES_ERROR;
				GCC_WARN_UNDECLARED_SELECTOR = YES;
				GCC_WARN_UNINITIALIZED_AUTOS = YES_AGGRESSIVE;
				GCC_WARN_UNUSED_FUNCTION = YES;
				GCC_WARN_UNUSED_VARIABLE = YES;
				IPHONEOS_DEPLOYMENT_TARGET = 17.5;
				LOCALIZATION_PREFERS_STRING_CATALOGS = YES;
				MTL_ENABLE_DEBUG_INFO = INCLUDE_SOURCE;
				MTL_FAST_MATH = YES;
				ONLY_ACTIVE_ARCH = YES;
				SDKROOT = iphoneos;
				SWIFT_ACTIVE_COMPILATION_CONDITIONS = "DEBUG $(inherited)";
				SWIFT_OPTIMIZATION_LEVEL = "-Onone";
			};
			name = Debug;
		};
		6E87CAC02C5FF66E002DE15C /* Release */ = {
			isa = XCBuildConfiguration;
			buildSettings = {
				ALWAYS_SEARCH_USER_PATHS = NO;
				ASSETCATALOG_COMPILER_GENERATE_SWIFT_ASSET_SYMBOL_EXTENSIONS = YES;
				CLANG_ANALYZER_NONNULL = YES;
				CLANG_ANALYZER_NUMBER_OBJECT_CONVERSION = YES_AGGRESSIVE;
				CLANG_CXX_LANGUAGE_STANDARD = "gnu++20";
				CLANG_ENABLE_MODULES = YES;
				CLANG_ENABLE_OBJC_ARC = YES;
				CLANG_ENABLE_OBJC_WEAK = YES;
				CLANG_WARN_BLOCK_CAPTURE_AUTORELEASING = YES;
				CLANG_WARN_BOOL_CONVERSION = YES;
				CLANG_WARN_COMMA = YES;
				CLANG_WARN_CONSTANT_CONVERSION = YES;
				CLANG_WARN_DEPRECATED_OBJC_IMPLEMENTATIONS = YES;
				CLANG_WARN_DIRECT_OBJC_ISA_USAGE = YES_ERROR;
				CLANG_WARN_DOCUMENTATION_COMMENTS = YES;
				CLANG_WARN_EMPTY_BODY = YES;
				CLANG_WARN_ENUM_CONVERSION = YES;
				CLANG_WARN_INFINITE_RECURSION = YES;
				CLANG_WARN_INT_CONVERSION = YES;
				CLANG_WARN_NON_LITERAL_NULL_CONVERSION = YES;
				CLANG_WARN_OBJC_IMPLICIT_RETAIN_SELF = YES;
				CLANG_WARN_OBJC_LITERAL_CONVERSION = YES;
				CLANG_WARN_OBJC_ROOT_CLASS = YES_ERROR;
				CLANG_WARN_QUOTED_INCLUDE_IN_FRAMEWORK_HEADER = YES;
				CLANG_WARN_RANGE_LOOP_ANALYSIS = YES;
				CLANG_WARN_STRICT_PROTOTYPES = YES;
				CLANG_WARN_SUSPICIOUS_MOVE = YES;
				CLANG_WARN_UNGUARDED_AVAILABILITY = YES_AGGRESSIVE;
				CLANG_WARN_UNREACHABLE_CODE = YES;
				CLANG_WARN__DUPLICATE_METHOD_MATCH = YES;
				COPY_PHASE_STRIP = NO;
				DEBUG_INFORMATION_FORMAT = "dwarf-with-dsym";
				ENABLE_NS_ASSERTIONS = NO;
				ENABLE_STRICT_OBJC_MSGSEND = YES;
				ENABLE_USER_SCRIPT_SANDBOXING = YES;
				GCC_C_LANGUAGE_STANDARD = gnu17;
				GCC_NO_COMMON_BLOCKS = YES;
				GCC_WARN_64_TO_32_BIT_CONVERSION = YES;
				GCC_WARN_ABOUT_RETURN_TYPE = YES_ERROR;
				GCC_WARN_UNDECLARED_SELECTOR = YES;
				GCC_WARN_UNINITIALIZED_AUTOS = YES_AGGRESSIVE;
				GCC_WARN_UNUSED_FUNCTION = YES;
				GCC_WARN_UNUSED_VARIABLE = YES;
				IPHONEOS_DEPLOYMENT_TARGET = 17.5;
				LOCALIZATION_PREFERS_STRING_CATALOGS = YES;
				MTL_ENABLE_DEBUG_INFO = NO;
				MTL_FAST_MATH = YES;
				SDKROOT = iphoneos;
				SWIFT_COMPILATION_MODE = wholemodule;
				VALIDATE_PRODUCT = YES;
			};
			name = Release;
		};
		6E87CAC22C5FF66E002DE15C /* Debug */ = {
			isa = XCBuildConfiguration;
			buildSettings = {
				ASSETCATALOG_COMPILER_APPICON_NAME = AppIcon;
				ASSETCATALOG_COMPILER_GLOBAL_ACCENT_COLOR_NAME = AccentColor;
				CODE_SIGN_STYLE = Automatic;
				CURRENT_PROJECT_VERSION = 1;
				GENERATE_INFOPLIST_FILE = YES;
				INFOPLIST_FILE = tictactoe/Info.plist;
				INFOPLIST_KEY_UIApplicationSupportsIndirectInputEvents = YES;
				INFOPLIST_KEY_UILaunchStoryboardName = LaunchScreen;
				INFOPLIST_KEY_UIMainStoryboardFile = Main;
				INFOPLIST_KEY_UISupportedInterfaceOrientations_iPad = "UIInterfaceOrientationPortrait UIInterfaceOrientationPortraitUpsideDown UIInterfaceOrientationLandscapeLeft UIInterfaceOrientationLandscapeRight";
				INFOPLIST_KEY_UISupportedInterfaceOrientations_iPhone = "UIInterfaceOrientationPortrait UIInterfaceOrientationLandscapeLeft UIInterfaceOrientationLandscapeRight";
				LD_RUNPATH_SEARCH_PATHS = (
					"$(inherited)",
					"@executable_path/Frameworks",
				);
				MARKETING_VERSION = 1.0;
				PRODUCT_BUNDLE_IDENTIFIER = com.xx.tictactoe;
				PRODUCT_NAME = "$(TARGET_NAME)";
				SWIFT_EMIT_LOC_STRINGS = YES;
				SWIFT_VERSION = 5.0;
				TARGETED_DEVICE_FAMILY = "1,2";
			};
			name = Debug;
		};
		6E87CAC32C5FF66E002DE15C /* Release */ = {
			isa = XCBuildConfiguration;
			buildSettings = {
				ASSETCATALOG_COMPILER_APPICON_NAME = AppIcon;
				ASSETCATALOG_COMPILER_GLOBAL_ACCENT_COLOR_NAME = AccentColor;
				CODE_SIGN_STYLE = Automatic;
				CURRENT_PROJECT_VERSION = 1;
				GENERATE_INFOPLIST_FILE = YES;
				INFOPLIST_FILE = tictactoe/Info.plist;
				INFOPLIST_KEY_UIApplicationSupportsIndirectInputEvents = YES;
				INFOPLIST_KEY_UILaunchStoryboardName = LaunchScreen;
				INFOPLIST_KEY_UIMainStoryboardFile = Main;
				INFOPLIST_KEY_UISupportedInterfaceOrientations_iPad = "UIInterfaceOrientationPortrait UIInterfaceOrientationPortraitUpsideDown UIInterfaceOrientationLandscapeLeft UIInterfaceOrientationLandscapeRight";
				INFOPLIST_KEY_UISupportedInterfaceOrientations_iPhone = "UIInterfaceOrientationPortrait UIInterfaceOrientationLandscapeLeft UIInterfaceOrientationLandscapeRight";
				LD_RUNPATH_SEARCH_PATHS = (
					"$(inherited)",
					"@executable_path/Frameworks",
				);
				MARKETING_VERSION = 1.0;
				PRODUCT_BUNDLE_IDENTIFIER = com.xx.tictactoe;
				PRODUCT_NAME = "$(TARGET_NAME)";
				SWIFT_EMIT_LOC_STRINGS = YES;
				SWIFT_VERSION = 5.0;
				TARGETED_DEVICE_FAMILY = "1,2";
			};
			name = Release;
		};
		6E87CAC52C5FF66E002DE15C /* Debug */ = {
			isa = XCBuildConfiguration;
			buildSettings = {
				ALWAYS_EMBED_SWIFT_STANDARD_LIBRARIES = YES;
				BUNDLE_LOADER = "$(TEST_HOST)";
				CODE_SIGN_STYLE = Automatic;
				CURRENT_PROJECT_VERSION = 1;
				GENERATE_INFOPLIST_FILE = YES;
				IPHONEOS_DEPLOYMENT_TARGET = 17.5;
				MARKETING_VERSION = 1.0;
				PRODUCT_BUNDLE_IDENTIFIER = com.xx.tictactoeTests;
				PRODUCT_NAME = "$(TARGET_NAME)";
				SWIFT_EMIT_LOC_STRINGS = NO;
				SWIFT_VERSION = 5.0;
				TARGETED_DEVICE_FAMILY = "1,2";
				TEST_HOST = "$(BUILT_PRODUCTS_DIR)/tictactoe.app/$(BUNDLE_EXECUTABLE_FOLDER_PATH)/tictactoe";
			};
			name = Debug;
		};
		6E87CAC62C5FF66E002DE15C /* Release */ = {
			isa = XCBuildConfiguration;
			buildSettings = {
				ALWAYS_EMBED_SWIFT_STANDARD_LIBRARIES = YES;
				BUNDLE_LOADER = "$(TEST_HOST)";
				CODE_SIGN_STYLE = Automatic;
				CURRENT_PROJECT_VERSION = 1;
				GENERATE_INFOPLIST_FILE = YES;
				IPHONEOS_DEPLOYMENT_TARGET = 17.5;
				MARKETING_VERSION = 1.0;
				PRODUCT_BUNDLE_IDENTIFIER = com.xx.tictactoeTests;
				PRODUCT_NAME = "$(TARGET_NAME)";
				SWIFT_EMIT_LOC_STRINGS = NO;
				SWIFT_VERSION = 5.0;
				TARGETED_DEVICE_FAMILY = "1,2";
				TEST_HOST = "$(BUILT_PRODUCTS_DIR)/tictactoe.app/$(BUNDLE_EXECUTABLE_FOLDER_PATH)/tictactoe";
			};
			name = Release;
		};
		6E87CAC82C5FF66E002DE15C /* Debug */ = {
			isa = XCBuildConfiguration;
			buildSettings = {
				ALWAYS_EMBED_SWIFT_STANDARD_LIBRARIES = YES;
				CODE_SIGN_STYLE = Automatic;
				CURRENT_PROJECT_VERSION = 1;
				GENERATE_INFOPLIST_FILE = YES;
				MARKETING_VERSION = 1.0;
				PRODUCT_BUNDLE_IDENTIFIER = com.xx.tictactoeUITests;
				PRODUCT_NAME = "$(TARGET_NAME)";
				SWIFT_EMIT_LOC_STRINGS = NO;
				SWIFT_VERSION = 5.0;
				TARGETED_DEVICE_FAMILY = "1,2";
				TEST_TARGET_NAME = tictactoe;
			};
			name = Debug;
		};
		6E87CAC92C5FF66E002DE15C /* Release */ = {
			isa = XCBuildConfiguration;
			buildSettings = {
				ALWAYS_EMBED_SWIFT_STANDARD_LIBRARIES = YES;
				CODE_SIGN_STYLE = Automatic;
				CURRENT_PROJECT_VERSION = 1;
				GENERATE_INFOPLIST_FILE = YES;
				MARKETING_VERSION = 1.0;
				PRODUCT_BUNDLE_IDENTIFIER = com.xx.tictactoeUITests;
				PRODUCT_NAME = "$(TARGET_NAME)";
				SWIFT_EMIT_LOC_STRINGS = NO;
				SWIFT_VERSION = 5.0;
				TARGETED_DEVICE_FAMILY = "1,2";
				TEST_TARGET_NAME = tictactoe;
			};
			name = Release;
		};
/* End XCBuildConfiguration section */

/* Begin XCConfigurationList section */
		6E87CA922C5FF66C002DE15C /* Build configuration list for PBXProject "tictactoe" */ = {
			isa = XCConfigurationList;
			buildConfigurations = (
				6E87CABF2C5FF66E002DE15C /* Debug */,
				6E87CAC02C5FF66E002DE15C /* Release */,
			);
			defaultConfigurationIsVisible = 0;
			defaultConfigurationName = Release;
		};
		6E87CAC12C5FF66E002DE15C /* Build configuration list for PBXNativeTarget "tictactoe" */ = {
			isa = XCConfigurationList;
			buildConfigurations = (
				6E87CAC22C5FF66E002DE15C /* Debug */,
				6E87CAC32C5FF66E002DE15C /* Release */,
			);
			defaultConfigurationIsVisible = 0;
			defaultConfigurationName = Release;
		};
		6E87CAC42C5FF66E002DE15C /* Build configuration list for PBXNativeTarget "tictactoeTests" */ = {
			isa = XCConfigurationList;
			buildConfigurations = (
				6E87CAC52C5FF66E002DE15C /* Debug */,
				6E87CAC62C5FF66E002DE15C /* Release */,
			);
			defaultConfigurationIsVisible = 0;
			defaultConfigurationName = Release;
		};
		6E87CAC72C5FF66E002DE15C /* Build configuration list for PBXNativeTarget "tictactoeUITests" */ = {
			isa = XCConfigurationList;
			buildConfigurations = (
				6E87CAC82C5FF66E002DE15C /* Debug */,
				6E87CAC92C5FF66E002DE15C /* Release */,
			);
			defaultConfigurationIsVisible = 0;
			defaultConfigurationName = Release;
		};
/* End XCConfigurationList section */
	};
	rootObject = 6E87CA8F2C5FF66C002DE15C /* Project object */;
}
